# This file is generated by aru.
version = 3
package-input-hash = "sha256:17de36334777db046edaca7e4dab1c61bbd6ea348c81150244143a777c703968"
projection-input-hash = "sha256:96db058ba299865942071d4f9742f75a182a3b075c365934a1e50e6819e6bca6"

[[skill-package]]
source = "git+https://github.com/tt-a1i/archify.git"
requirement = "version:*"
version = "2.16.0"
revision = "c826e6c3a7abad19c0f3cd1ca57207d54b1ad8de"
repository-name = "archify"
targets = ["pi"]

[[skill-package.skills]]
name = "archify"
path = "archify"
sha256 = "sha256:71e16a009311f6458088aacc8cea969695ba85e785027c0fa6188e2a3bef292b"

[[projection-baseline]]
target = "pi"
kind = "skill"
key = "archify"
sha256 = "sha256:71e16a009311f6458088aacc8cea969695ba85e785027c0fa6188e2a3bef292b"
